
Microsoft Visual Studio Solution File, Format Version 12.00
# Visual Studio 15
VisualStudioVersion = 15.0.28307.572
MinimumVisualStudioVersion = 10.0.40219.1
Project("{FAE04EC0-301F-11D3-BF4B-00C04F79EFBC}") = "SocialMediaApp", "SocialMediaApp\SocialMediaApp.csproj", "{F5254419-92B8-4355-BDAF-9174AF861071}"
EndProject
Project("{FAE04EC0-301F-11D3-BF4B-00C04F79EFBC}") = "Forms", "Forms\Forms.csproj", "{A2F49C57-A70D-4012-B904-62808686DA18}"
EndProject
Project("{FAE04EC0-301F-11D3-BF4B-00C04F79EFBC}") = "ExtencionMethods", "ExtencionMethods\ExtencionMethods.csproj", "{16B5B86F-DBD1-4463-8BFB-3CCD6D01E133}"
EndProject
Project("{FAE04EC0-301F-11D3-BF4B-00C04F79EFBC}") = "DataBaseLayer", "DataBaseLayer\DataBaseLayer.csproj", "{6812F5C8-2430-471E-97E6-63370E9AFD62}"
EndProject
Global
	GlobalSection(SolutionConfigurationPlatforms) = preSolution
		Debug|Any CPU = Debug|Any CPU
		Release|Any CPU = Release|Any CPU
	EndGlobalSection
	GlobalSection(ProjectConfigurationPlatforms) = postSolution
		{F5254419-92B8-4355-BDAF-9174AF861071}.Debug|Any CPU.ActiveCfg = Debug|Any CPU
		{F5254419-92B8-4355-BDAF-9174AF861071}.Debug|Any CPU.Build.0 = Debug|Any CPU
		{F5254419-92B8-4355-BDAF-9174AF861071}.Release|Any CPU.ActiveCfg = Release|Any CPU
		{F5254419-92B8-4355-BDAF-9174AF861071}.Release|Any CPU.Build.0 = Release|Any CPU
		{A2F49C57-A70D-4012-B904-62808686DA18}.Debug|Any CPU.ActiveCfg = Debug|Any CPU
		{A2F49C57-A70D-4012-B904-62808686DA18}.Debug|Any CPU.Build.0 = Debug|Any CPU
		{A2F49C57-A70D-4012-B904-62808686DA18}.Release|Any CPU.ActiveCfg = Release|Any CPU
		{A2F49C57-A70D-4012-B904-62808686DA18}.Release|Any CPU.Build.0 = Release|Any CPU
		{16B5B86F-DBD1-4463-8BFB-3CCD6D01E133}.Debug|Any CPU.ActiveCfg = Debug|Any CPU
		{16B5B86F-DBD1-4463-8BFB-3CCD6D01E133}.Debug|Any CPU.Build.0 = Debug|Any CPU
		{16B5B86F-DBD1-4463-8BFB-3CCD6D01E133}.Release|Any CPU.ActiveCfg = Release|Any CPU
		{16B5B86F-DBD1-4463-8BFB-3CCD6D01E133}.Release|Any CPU.Build.0 = Release|Any CPU
		{6812F5C8-2430-471E-97E6-63370E9AFD62}.Debug|Any CPU.ActiveCfg = Debug|Any CPU
		{6812F5C8-2430-471E-97E6-63370E9AFD62}.Debug|Any CPU.Build.0 = Debug|Any CPU
		{6812F5C8-2430-471E-97E6-63370E9AFD62}.Release|Any CPU.ActiveCfg = Release|Any CPU
		{6812F5C8-2430-471E-97E6-63370E9AFD62}.Release|Any CPU.Build.0 = Release|Any CPU
	EndGlobalSection
	GlobalSection(SolutionProperties) = preSolution
		HideSolutionNode = FALSE
	EndGlobalSection
	GlobalSection(ExtensibilityGlobals) = postSolution
		SolutionGuid = {4DB3176C-D323-4932-9B08-1682122EFAE8}
	EndGlobalSection
EndGlobal
